// !$*UTF8*$!
{
	archiveVersion = 1;
	classes = {
	};
	objectVersion = 48;
	objects = {

/* Begin PBXBuildFile section */
		3E45D28020BD1DF000E7943E /* ViewController.swift in Sources */ = {isa = PBXBuildFile; fileRef = 3E45D27F20BD1DF000E7943E /* ViewController.swift */; };
		3E45D28320BD1DF000E7943E /* Main.storyboard in Resources */ = {isa = PBXBuildFile; fileRef = 3E45D28120BD1DF000E7943E /* Main.storyboard */; };
		3E45D28520BD1DF000E7943E /* Assets.xcassets in Resources */ = {isa = PBXBuildFile; fileRef = 3E45D28420BD1DF000E7943E /* Assets.xcassets */; };
		3E45D28820BD1DF000E7943E /* LaunchScreen.storyboard in Resources */ = {isa = PBXBuildFile; fileRef = 3E45D28620BD1DF000E7943E /* LaunchScreen.storyboard */; };
		3E5D709220BDDC14006896F3 /* AppDelegate.swift in Sources */ = {isa = PBXBuildFile; fileRef = 3E5D709120BDDC14006896F3 /* AppDelegate.swift */; };
		3EF7400620BDED55000A9509 /* Register.storyboard in Resources */ = {isa = PBXBuildFile; fileRef = 3EF7400520BDED55000A9509 /* Register.storyboard */; };
		3EF7400820BDEDA5000A9509 /* RegisterViewController.swift in Sources */ = {isa = PBXBuildFile; fileRef = 3EF7400720BDEDA5000A9509 /* RegisterViewController.swift */; };
		E3105FDD1E3CD0164D02EB5A /* libPods-swift_project.a in Frameworks */ = {isa = PBXBuildFile; fileRef = E03C75EBC1262261EB23C6C1 /* libPods-swift_project.a */; };
/* End PBXBuildFile section */

/* Begin PBXFileReference section */
		2527345DC87E0679D6299317 /* Pods-swift_project.release.xcconfig */ = {isa = PBXFileReference; includeInIndex = 1; lastKnownFileType = text.xcconfig; name = "Pods-swift_project.release.xcconfig"; path = "Pods/Target Support Files/Pods-swift_project/Pods-swift_project.release.xcconfig"; sourceTree = "<group>"; };
		384CC7E644E962CEEF7986B1 /* Pods-swift_project.debug.xcconfig */ = {isa = PBXFileReference; includeInIndex = 1; lastKnownFileType = text.xcconfig; name = "Pods-swift_project.debug.xcconfig"; path = "Pods/Target Support Files/Pods-swift_project/Pods-swift_project.debug.xcconfig"; sourceTree = "<group>"; };
		3E45D27A20BD1DF000E7943E /* swift_project.app */ = {isa = PBXFileReference; explicitFileType = wrapper.application; includeInIndex = 0; path = swift_project.app; sourceTree = BUILT_PRODUCTS_DIR; };
		3E45D27F20BD1DF000E7943E /* ViewController.swift */ = {isa = PBXFileReference; lastKnownFileType = sourcecode.swift; path = ViewController.swift; sourceTree = "<group>"; };
		3E45D28220BD1DF000E7943E /* Base */ = {isa = PBXFileReference; lastKnownFileType = file.storyboard; name = Base; path = Base.lproj/Main.storyboard; sourceTree = "<group>"; };
		3E45D28420BD1DF000E7943E /* Assets.xcassets */ = {isa = PBXFileReference; lastKnownFileType = folder.assetcatalog; path = Assets.xcassets; sourceTree = "<group>"; };
		3E45D28720BD1DF000E7943E /* Base */ = {isa = PBXFileReference; lastKnownFileType = file.storyboard; name = Base; path = Base.lproj/LaunchScreen.storyboard; sourceTree = "<group>"; };
		3E45D28920BD1DF000E7943E /* Info.plist */ = {isa = PBXFileReference; lastKnownFileType = text.plist.xml; path = Info.plist; sourceTree = "<group>"; };
		3E5D709120BDDC14006896F3 /* AppDelegate.swift */ = {isa = PBXFileReference; lastKnownFileType = sourcecode.swift; name = AppDelegate.swift; path = /Users/Major/Desktop/Cours/HETIC/Swift/swift_project/swift_project/AppDelegate.swift; sourceTree = "<absolute>"; };
		3EF7400520BDED55000A9509 /* Register.storyboard */ = {isa = PBXFileReference; lastKnownFileType = file.storyboard; path = Register.storyboard; sourceTree = "<group>"; };
		3EF7400720BDEDA5000A9509 /* RegisterViewController.swift */ = {isa = PBXFileReference; lastKnownFileType = sourcecode.swift; path = RegisterViewController.swift; sourceTree = "<group>"; };
		E03C75EBC1262261EB23C6C1 /* libPods-swift_project.a */ = {isa = PBXFileReference; explicitFileType = archive.ar; includeInIndex = 0; path = "libPods-swift_project.a"; sourceTree = BUILT_PRODUCTS_DIR; };
/* End PBXFileReference section */

/* Begin PBXFrameworksBuildPhase section */
		3E45D27720BD1DF000E7943E /* Frameworks */ = {
			isa = PBXFrameworksBuildPhase;
			buildActionMask = 2147483647;
			files = (
				E3105FDD1E3CD0164D02EB5A /* libPods-swift_project.a in Frameworks */,
			);
			runOnlyForDeploymentPostprocessing = 0;
		};
/* End PBXFrameworksBuildPhase section */

/* Begin PBXGroup section */
		3E45D27120BD1DF000E7943E = {
			isa = PBXGroup;
			children = (
				3E45D27C20BD1DF000E7943E /* swift_project */,
				3E45D27B20BD1DF000E7943E /* Products */,
				69AE6BCF6AC097D6D213CEB2 /* Pods */,
				61D981F7E87E852AAFA3ACAD /* Frameworks */,
			);
			sourceTree = "<group>";
		};
		3E45D27B20BD1DF000E7943E /* Products */ = {
			isa = PBXGroup;
			children = (
				3E45D27A20BD1DF000E7943E /* swift_project.app */,
			);
			name = Products;
			sourceTree = "<group>";
		};
		3E45D27C20BD1DF000E7943E /* swift_project */ = {
			isa = PBXGroup;
			children = (
				3E5D709420BDDC63006896F3 /* Model */,
				3E5D709120BDDC14006896F3 /* AppDelegate.swift */,
				3E45D28120BD1DF000E7943E /* Main.storyboard */,
				3E5D708F20BDDB72006896F3 /* Controller */,
				3E5D709320BDDC55006896F3 /* View */,
				3E45D28420BD1DF000E7943E /* Assets.xcassets */,
				3E45D28620BD1DF000E7943E /* LaunchScreen.storyboard */,
				3E45D28920BD1DF000E7943E /* Info.plist */,
			);
			path = swift_project;
			sourceTree = "<group>";
		};
		3E5D708F20BDDB72006896F3 /* Controller */ = {
			isa = PBXGroup;
			children = (
				3E45D27F20BD1DF000E7943E /* ViewController.swift */,
				3EF7400720BDEDA5000A9509 /* RegisterViewController.swift */,
			);
			path = Controller;
			sourceTree = "<group>";
		};
		3E5D709320BDDC55006896F3 /* View */ = {
			isa = PBXGroup;
			children = (
				3EF7400520BDED55000A9509 /* Register.storyboard */,
			);
			path = View;
			sourceTree = "<group>";
		};
		3E5D709420BDDC63006896F3 /* Model */ = {
			isa = PBXGroup;
			children = (
			);
			path = Model;
			sourceTree = "<group>";
		};
		61D981F7E87E852AAFA3ACAD /* Frameworks */ = {
			isa = PBXGroup;
			children = (
				E03C75EBC1262261EB23C6C1 /* libPods-swift_project.a */,
			);
			name = Frameworks;
			sourceTree = "<group>";
		};
		69AE6BCF6AC097D6D213CEB2 /* Pods */ = {
			isa = PBXGroup;
			children = (
				384CC7E644E962CEEF7986B1 /* Pods-swift_project.debug.xcconfig */,
				2527345DC87E0679D6299317 /* Pods-swift_project.release.xcconfig */,
			);
			name = Pods;
			sourceTree = "<group>";
		};
/* End PBXGroup section */

/* Begin PBXNativeTarget section */
		3E45D27920BD1DF000E7943E /* swift_project */ = {
			isa = PBXNativeTarget;
			buildConfigurationList = 3E45D28C20BD1DF000E7943E /* Build configuration list for PBXNativeTarget "swift_project" */;
			buildPhases = (
				98C865AF538CCE36F47DEF30 /* [CP] Check Pods Manifest.lock */,
				3E45D27620BD1DF000E7943E /* Sources */,
				3E45D27720BD1DF000E7943E /* Frameworks */,
				3E45D27820BD1DF000E7943E /* Resources */,
			);
			buildRules = (
			);
			dependencies = (
			);
			name = swift_project;
			productName = swift_project;
			productReference = 3E45D27A20BD1DF000E7943E /* swift_project.app */;
			productType = "com.apple.product-type.application";
		};
/* End PBXNativeTarget section */

/* Begin PBXProject section */
		3E45D27220BD1DF000E7943E /* Project object */ = {
			isa = PBXProject;
			attributes = {
				LastSwiftUpdateCheck = 0920;
				LastUpgradeCheck = 0920;
				ORGANIZATIONNAME = CDJ;
				TargetAttributes = {
					3E45D27920BD1DF000E7943E = {
						CreatedOnToolsVersion = 9.2;
						ProvisioningStyle = Automatic;
					};
				};
			};
			buildConfigurationList = 3E45D27520BD1DF000E7943E /* Build configuration list for PBXProject "swift_project" */;
			compatibilityVersion = "Xcode 8.0";
			developmentRegion = en;
			hasScannedForEncodings = 0;
			knownRegions = (
				en,
				Base,
			);
			mainGroup = 3E45D27120BD1DF000E7943E;
			productRefGroup = 3E45D27B20BD1DF000E7943E /* Products */;
			projectDirPath = "";
			projectRoot = "";
			targets = (
				3E45D27920BD1DF000E7943E /* swift_project */,
			);
		};
/* End PBXProject section */

/* Begin PBXResourcesBuildPhase section */
		3E45D27820BD1DF000E7943E /* Resources */ = {
			isa = PBXResourcesBuildPhase;
			buildActionMask = 2147483647;
			files = (
				3E45D28820BD1DF000E7943E /* LaunchScreen.storyboard in Resources */,
				3E45D28520BD1DF000E7943E /* Assets.xcassets in Resources */,
				3E45D28320BD1DF000E7943E /* Main.storyboard in Resources */,
				3EF7400620BDED55000A9509 /* Register.storyboard in Resources */,
			);
			runOnlyForDeploymentPostprocessing = 0;
		};
/* End PBXResourcesBuildPhase section */

/* Begin PBXShellScriptBuildPhase section */
		98C865AF538CCE36F47DEF30 /* [CP] Check Pods Manifest.lock */ = {
			isa = PBXShellScriptBuildPhase;
			buildActionMask = 2147483647;
			files = (
			);
			inputPaths = (
				"${PODS_PODFILE_DIR_PATH}/Podfile.lock",
				"${PODS_ROOT}/Manifest.lock",
			);
			name = "[CP] Check Pods Manifest.lock";
			outputPaths = (
				"$(DERIVED_FILE_DIR)/Pods-swift_project-checkManifestLockResult.txt",
			);
			runOnlyForDeploymentPostprocessing = 0;
			shellPath = /bin/sh;
			shellScript = "diff \"${PODS_PODFILE_DIR_PATH}/Podfile.lock\" \"${PODS_ROOT}/Manifest.lock\" > /dev/null\nif [ $? != 0 ] ; then\n    # print error to STDERR\n    echo \"error: The sandbox is not in sync with the Podfile.lock. Run 'pod install' or update your CocoaPods installation.\" >&2\n    exit 1\nfi\n# This output is used by Xcode 'outputs' to avoid re-running this script phase.\necho \"SUCCESS\" > \"${SCRIPT_OUTPUT_FILE_0}\"\n";
			showEnvVarsInLog = 0;
		};
/* End PBXShellScriptBuildPhase section */

/* Begin PBXSourcesBuildPhase section */
		3E45D27620BD1DF000E7943E /* Sources */ = {
			isa = PBXSourcesBuildPhase;
			buildActionMask = 2147483647;
			files = (
				3EF7400820BDEDA5000A9509 /* RegisterViewController.swift in Sources */,
				3E5D709220BDDC14006896F3 /* AppDelegate.swift in Sources */,
				3E45D28020BD1DF000E7943E /* ViewController.swift in Sources */,
			);
			runOnlyForDeploymentPostprocessing = 0;
		};
/* End PBXSourcesBuildPhase section */

/* Begin PBXVariantGroup section */
		3E45D28120BD1DF000E7943E /* Main.storyboard */ = {
			isa = PBXVariantGroup;
			children = (
				3E45D28220BD1DF000E7943E /* Base */,
			);
			name = Main.storyboard;
			sourceTree = "<group>";
		};
		3E45D28620BD1DF000E7943E /* LaunchScreen.storyboard */ = {
			isa = PBXVariantGroup;
			children = (
				3E45D28720BD1DF000E7943E /* Base */,
			);
			name = LaunchScreen.storyboard;
			sourceTree = "<group>";
		};
/* End PBXVariantGroup section */

/* Begin XCBuildConfiguration section */
		3E45D28A20BD1DF000E7943E /* Debug */ = {
			isa = XCBuildConfiguration;
			buildSettings = {
				ALWAYS_SEARCH_USER_PATHS = NO;
				CLANG_ANALYZER_NONNULL = YES;
				CLANG_ANALYZER_NUMBER_OBJECT_CONVERSION = YES_AGGRESSIVE;
				CLANG_CXX_LANGUAGE_STANDARD = "gnu++14";
				CLANG_CXX_LIBRARY = "libc++";
				CLANG_ENABLE_MODULES = YES;
				CLANG_ENABLE_OBJC_ARC = YES;
				CLANG_WARN_BLOCK_CAPTURE_AUTORELEASING = YES;
				CLANG_WARN_BOOL_CONVERSION = YES;
				CLANG_WARN_COMMA = YES;
				CLANG_WARN_CONSTANT_CONVERSION = YES;
				CLANG_WARN_DIRECT_OBJC_ISA_USAGE = YES_ERROR;
				CLANG_WARN_DOCUMENTATION_COMMENTS = YES;
				CLANG_WARN_EMPTY_BODY = YES;
				CLANG_WARN_ENUM_CONVERSION = YES;
				CLANG_WARN_INFINITE_RECURSION = YES;
				CLANG_WARN_INT_CONVERSION = YES;
				CLANG_WARN_NON_LITERAL_NULL_CONVERSION = YES;
				CLANG_WARN_OBJC_LITERAL_CONVERSION = YES;
				CLANG_WARN_OBJC_ROOT_CLASS = YES_ERROR;
				CLANG_WARN_RANGE_LOOP_ANALYSIS = YES;
				CLANG_WARN_STRICT_PROTOTYPES = YES;
				CLANG_WARN_SUSPICIOUS_MOVE = YES;
				CLANG_WARN_UNGUARDED_AVAILABILITY = YES_AGGRESSIVE;
				CLANG_WARN_UNREACHABLE_CODE = YES;
				CLANG_WARN__DUPLICATE_METHOD_MATCH = YES;
				CODE_SIGN_IDENTITY = "iPhone Developer";
				COPY_PHASE_STRIP = NO;
				DEBUG_INFORMATION_FORMAT = dwarf;
				ENABLE_STRICT_OBJC_MSGSEND = YES;
				ENABLE_TESTABILITY = YES;
				GCC_C_LANGUAGE_STANDARD = gnu11;
				GCC_DYNAMIC_NO_PIC = NO;
				GCC_NO_COMMON_BLOCKS = YES;
				GCC_OPTIMIZATION_LEVEL = 0;
				GCC_PREPROCESSOR_DEFINITIONS = (
					"DEBUG=1",
					"$(inherited)",
				);
				GCC_WARN_64_TO_32_BIT_CONVERSION = YES;
				GCC_WARN_ABOUT_RETURN_TYPE = YES_ERROR;
				GCC_WARN_UNDECLARED_SELECTOR = YES;
				GCC_WARN_UNINITIALIZED_AUTOS = YES_AGGRESSIVE;
				GCC_WARN_UNUSED_FUNCTION = YES;
				GCC_WARN_UNUSED_VARIABLE = YES;
				IPHONEOS_DEPLOYMENT_TARGET = 11.2;
				MTL_ENABLE_DEBUG_INFO = YES;
				ONLY_ACTIVE_ARCH = YES;
				SDKROOT = iphoneos;
				SWIFT_ACTIVE_COMPILATION_CONDITIONS = DEBUG;
				SWIFT_OPTIMIZATION_LEVEL = "-Onone";
			};
			name = Debug;
		};
		3E45D28B20BD1DF000E7943E /* Release */ = {
			isa = XCBuildConfiguration;
			buildSettings = {
				ALWAYS_SEARCH_USER_PATHS = NO;
				CLANG_ANALYZER_NONNULL = YES;
				CLANG_ANALYZER_NUMBER_OBJECT_CONVERSION = YES_AGGRESSIVE;
				CLANG_CXX_LANGUAGE_STANDARD = "gnu++14";
				CLANG_CXX_LIBRARY = "libc++";
				CLANG_ENABLE_MODULES = YES;
				CLANG_ENABLE_OBJC_ARC = YES;
				CLANG_WARN_BLOCK_CAPTURE_AUTORELEASING = YES;
				CLANG_WARN_BOOL_CONVERSION = YES;
				CLANG_WARN_COMMA = YES;
				CLANG_WARN_CONSTANT_CONVERSION = YES;
				CLANG_WARN_DIRECT_OBJC_ISA_USAGE = YES_ERROR;
				CLANG_WARN_DOCUMENTATION_COMMENTS = YES;
				CLANG_WARN_EMPTY_BODY = YES;
				CLANG_WARN_ENUM_CONVERSION = YES;
				CLANG_WARN_INFINITE_RECURSION = YES;
				CLANG_WARN_INT_CONVERSION = YES;
				CLANG_WARN_NON_LITERAL_NULL_CONVERSION = YES;
				CLANG_WARN_OBJC_LITERAL_CONVERSION = YES;
				CLANG_WARN_OBJC_ROOT_CLASS = YES_ERROR;
				CLANG_WARN_RANGE_LOOP_ANALYSIS = YES;
				CLANG_WARN_STRICT_PROTOTYPES = YES;
				CLANG_WARN_SUSPICIOUS_MOVE = YES;
				CLANG_WARN_UNGUARDED_AVAILABILITY = YES_AGGRESSIVE;
				CLANG_WARN_UNREACHABLE_CODE = YES;
				CLANG_WARN__DUPLICATE_METHOD_MATCH = YES;
				CODE_SIGN_IDENTITY = "iPhone Developer";
				COPY_PHASE_STRIP = NO;
				DEBUG_INFORMATION_FORMAT = "dwarf-with-dsym";
				ENABLE_NS_ASSERTIONS = NO;
				ENABLE_STRICT_OBJC_MSGSEND = YES;
				GCC_C_LANGUAGE_STANDARD = gnu11;
				GCC_NO_COMMON_BLOCKS = YES;
				GCC_WARN_64_TO_32_BIT_CONVERSION = YES;
				GCC_WARN_ABOUT_RETURN_TYPE = YES_ERROR;
				GCC_WARN_UNDECLARED_SELECTOR = YES;
				GCC_WARN_UNINITIALIZED_AUTOS = YES_AGGRESSIVE;
				GCC_WARN_UNUSED_FUNCTION = YES;
				GCC_WARN_UNUSED_VARIABLE = YES;
				IPHONEOS_DEPLOYMENT_TARGET = 11.2;
				MTL_ENABLE_DEBUG_INFO = NO;
				SDKROOT = iphoneos;
				SWIFT_OPTIMIZATION_LEVEL = "-Owholemodule";
				VALIDATE_PRODUCT = YES;
			};
			name = Release;
		};
		3E45D28D20BD1DF000E7943E /* Debug */ = {
			isa = XCBuildConfiguration;
			baseConfigurationReference = 384CC7E644E962CEEF7986B1 /* Pods-swift_project.debug.xcconfig */;
			buildSettings = {
				ASSETCATALOG_COMPILER_APPICON_NAME = AppIcon;
				CODE_SIGN_STYLE = Automatic;
				INFOPLIST_FILE = swift_project/Info.plist;
				LD_RUNPATH_SEARCH_PATHS = "$(inherited) @executable_path/Frameworks";
				PRODUCT_BUNDLE_IDENTIFIER = "com.hetic.dev.swift-project";
				PRODUCT_NAME = "$(TARGET_NAME)";
				SWIFT_VERSION = 4.0;
				TARGETED_DEVICE_FAMILY = "1,2";
			};
			name = Debug;
		};
		3E45D28E20BD1DF000E7943E /* Release */ = {
			isa = XCBuildConfiguration;
			baseConfigurationReference = 2527345DC87E0679D6299317 /* Pods-swift_project.release.xcconfig */;
			buildSettings = {
				ASSETCATALOG_COMPILER_APPICON_NAME = AppIcon;
				CODE_SIGN_STYLE = Automatic;
				INFOPLIST_FILE = swift_project/Info.plist;
				LD_RUNPATH_SEARCH_PATHS = "$(inherited) @executable_path/Frameworks";
				PRODUCT_BUNDLE_IDENTIFIER = "com.hetic.dev.swift-project";
				PRODUCT_NAME = "$(TARGET_NAME)";
				SWIFT_VERSION = 4.0;
				TARGETED_DEVICE_FAMILY = "1,2";
			};
			name = Release;
		};
/* End XCBuildConfiguration section */

/* Begin XCConfigurationList section */
		3E45D27520BD1DF000E7943E /* Build configuration list for PBXProject "swift_project" */ = {
			isa = XCConfigurationList;
			buildConfigurations = (
				3E45D28A20BD1DF000E7943E /* Debug */,
				3E45D28B20BD1DF000E7943E /* Release */,
			);
			defaultConfigurationIsVisible = 0;
			defaultConfigurationName = Release;
		};
		3E45D28C20BD1DF000E7943E /* Build configuration list for PBXNativeTarget "swift_project" */ = {
			isa = XCConfigurationList;
			buildConfigurations = (
				3E45D28D20BD1DF000E7943E /* Debug */,
				3E45D28E20BD1DF000E7943E /* Release */,
			);
			defaultConfigurationIsVisible = 0;
			defaultConfigurationName = Release;
		};
/* End XCConfigurationList section */
	};
	rootObject = 3E45D27220BD1DF000E7943E /* Project object */;
}
